
Microsoft Visual Studio Solution File, Format Version 12.00
# Visual Studio Version 17
VisualStudioVersion = 17.7.34202.233
MinimumVisualStudioVersion = 10.0.40219.1
Project("{FAE04EC0-301F-11D3-BF4B-00C04F79EFBC}") = "projectdbfirst", "projectdbfirst.csproj", "{542F0490-5E6A-4983-9D3F-53FA7A4E84DA}"
EndProject
Global
	GlobalSection(SolutionConfigurationPlatforms) = preSolution
		Debug|Any CPU = Debug|Any CPU
		Release|Any CPU = Release|Any CPU
	EndGlobalSection
	GlobalSection(ProjectConfigurationPlatforms) = postSolution
		{542F0490-5E6A-4983-9D3F-53FA7A4E84DA}.Debug|Any CPU.ActiveCfg = Debug|Any CPU
		{542F0490-5E6A-4983-9D3F-53FA7A4E84DA}.Debug|Any CPU.Build.0 = Debug|Any CPU
		{542F0490-5E6A-4983-9D3F-53FA7A4E84DA}.Release|Any CPU.ActiveCfg = Release|Any CPU
		{542F0490-5E6A-4983-9D3F-53FA7A4E84DA}.Release|Any CPU.Build.0 = Release|Any CPU
	EndGlobalSection
	GlobalSection(SolutionProperties) = preSolution
		HideSolutionNode = FALSE
	EndGlobalSection
	GlobalSection(ExtensibilityGlobals) = postSolution
		SolutionGuid = {5CB1825B-C612-46C8-B45F-B2B54D4DEEFB}
	EndGlobalSection
EndGlobal
